
Microsoft Visual Studio Solution File, Format Version 12.00
# Visual Studio Version 16
VisualStudioVersion = 16.0.30804.86
MinimumVisualStudioVersion = 10.0.40219.1
Project("{FAE04EC0-301F-11D3-BF4B-00C04F79EFBC}") = "Solver", "Solver.csproj", "{B7025B25-6A13-490A-86B0-AFE1B2473CF3}"
EndProject
Global
	GlobalSection(SolutionConfigurationPlatforms) = preSolution
		Debug|Any CPU = Debug|Any CPU
		Release|Any CPU = Release|Any CPU
	EndGlobalSection
	GlobalSection(ProjectConfigurationPlatforms) = postSolution
		{B7025B25-6A13-490A-86B0-AFE1B2473CF3}.Debug|Any CPU.ActiveCfg = Debug|Any CPU
		{B7025B25-6A13-490A-86B0-AFE1B2473CF3}.Debug|Any CPU.Build.0 = Debug|Any CPU
		{B7025B25-6A13-490A-86B0-AFE1B2473CF3}.Release|Any CPU.ActiveCfg = Release|Any CPU
		{B7025B25-6A13-490A-86B0-AFE1B2473CF3}.Release|Any CPU.Build.0 = Release|Any CPU
	EndGlobalSection
	GlobalSection(SolutionProperties) = preSolution
		HideSolutionNode = FALSE
	EndGlobalSection
	GlobalSection(ExtensibilityGlobals) = postSolution
		SolutionGuid = {36A63757-5B01-455B-8501-16D79FCCE3D7}
	EndGlobalSection
EndGlobal
